
Microsoft Visual Studio Solution File, Format Version 12.00
# Visual Studio Version 17
VisualStudioVersion = 17.3.32804.467
MinimumVisualStudioVersion = 10.0.40219.1
Project("{FAE04EC0-301F-11D3-BF4B-00C04F79EFBC}") = "ProjectOngAnimais", "ProjectOngAnimais\ProjectOngAnimais.csproj", "{A284C16F-CA9E-4AA8-8D22-BC9D81BEBA75}"
EndProject
Global
	GlobalSection(SolutionConfigurationPlatforms) = preSolution
		Debug|Any CPU = Debug|Any CPU
		Release|Any CPU = Release|Any CPU
	EndGlobalSection
	GlobalSection(ProjectConfigurationPlatforms) = postSolution
		{A284C16F-CA9E-4AA8-8D22-BC9D81BEBA75}.Debug|Any CPU.ActiveCfg = Debug|Any CPU
		{A284C16F-CA9E-4AA8-8D22-BC9D81BEBA75}.Debug|Any CPU.Build.0 = Debug|Any CPU
		{A284C16F-CA9E-4AA8-8D22-BC9D81BEBA75}.Release|Any CPU.ActiveCfg = Release|Any CPU
		{A284C16F-CA9E-4AA8-8D22-BC9D81BEBA75}.Release|Any CPU.Build.0 = Release|Any CPU
	EndGlobalSection
	GlobalSection(SolutionProperties) = preSolution
		HideSolutionNode = FALSE
	EndGlobalSection
	GlobalSection(ExtensibilityGlobals) = postSolution
		SolutionGuid = {3666F6E2-9228-43CD-98BB-6550334E668F}
	EndGlobalSection
EndGlobal
